// !$*UTF8*$!
{
	archiveVersion = 1;
	classes = {
	};
	objectVersion = 46;
	objects = {

/* Begin PBXBuildFile section */
		8508A39D1D91FA3800E629B0 /* main.m in Sources */ = {isa = PBXBuildFile; fileRef = 8508A39C1D91FA3800E629B0 /* main.m */; };
		8508A3A01D91FA3800E629B0 /* AppDelegate.m in Sources */ = {isa = PBXBuildFile; fileRef = 8508A39F1D91FA3800E629B0 /* AppDelegate.m */; };
		8508A3A31D91FA3800E629B0 /* ViewController.m in Sources */ = {isa = PBXBuildFile; fileRef = 8508A3A21D91FA3800E629B0 /* ViewController.m */; };
		8508A3A61D91FA3800E629B0 /* Main.storyboard in Resources */ = {isa = PBXBuildFile; fileRef = 8508A3A41D91FA3800E629B0 /* Main.storyboard */; };
		8508A3A81D91FA3800E629B0 /* Assets.xcassets in Resources */ = {isa = PBXBuildFile; fileRef = 8508A3A71D91FA3800E629B0 /* Assets.xcassets */; };
		8508A3AB1D91FA3800E629B0 /* LaunchScreen.storyboard in Resources */ = {isa = PBXBuildFile; fileRef = 8508A3A91D91FA3800E629B0 /* LaunchScreen.storyboard */; };
/* End PBXBuildFile section */

/* Begin PBXFileReference section */
		8508A3981D91FA3800E629B0 /* day17_2_Github.app */ = {isa = PBXFileReference; explicitFileType = wrapper.application; includeInIndex = 0; path = day17_2_Github.app; sourceTree = BUILT_PRODUCTS_DIR; };
		8508A39C1D91FA3800E629B0 /* main.m */ = {isa = PBXFileReference; lastKnownFileType = sourcecode.c.objc; path = main.m; sourceTree = "<group>"; };
		8508A39E1D91FA3800E629B0 /* AppDelegate.h */ = {isa = PBXFileReference; lastKnownFileType = sourcecode.c.h; path = AppDelegate.h; sourceTree = "<group>"; };
		8508A39F1D91FA3800E629B0 /* AppDelegate.m */ = {isa = PBXFileReference; lastKnownFileType = sourcecode.c.objc; path = AppDelegate.m; sourceTree = "<group>"; };
		8508A3A11D91FA3800E629B0 /* ViewController.h */ = {isa = PBXFileReference; lastKnownFileType = sourcecode.c.h; path = ViewController.h; sourceTree = "<group>"; };
		8508A3A21D91FA3800E629B0 /* ViewController.m */ = {isa = PBXFileReference; lastKnownFileType = sourcecode.c.objc; path = ViewController.m; sourceTree = "<group>"; };
		8508A3A51D91FA3800E629B0 /* Base */ = {isa = PBXFileReference; lastKnownFileType = file.storyboard; name = Base; path = Base.lproj/Main.storyboard; sourceTree = "<group>"; };
		8508A3A71D91FA3800E629B0 /* Assets.xcassets */ = {isa = PBXFileReference; lastKnownFileType = folder.assetcatalog; path = Assets.xcassets; sourceTree = "<group>"; };
		8508A3AA1D91FA3800E629B0 /* Base */ = {isa = PBXFileReference; lastKnownFileType = file.storyboard; name = Base; path = Base.lproj/LaunchScreen.storyboard; sourceTree = "<group>"; };
		8508A3AC1D91FA3800E629B0 /* Info.plist */ = {isa = PBXFileReference; lastKnownFileType = text.plist.xml; path = Info.plist; sourceTree = "<group>"; };
/* End PBXFileReference section */

/* Begin PBXFrameworksBuildPhase section */
		8508A3951D91FA3800E629B0 /* Frameworks */ = {
			isa = PBXFrameworksBuildPhase;
			buildActionMask = 2147483647;
			files = (
			);
			runOnlyForDeploymentPostprocessing = 0;
		};
/* End PBXFrameworksBuildPhase section */

/* Begin PBXGroup section */
		8508A38F1D91FA3800E629B0 = {
			isa = PBXGroup;
			children = (
				8508A39A1D91FA3800E629B0 /* day17_2_Github */,
				8508A3991D91FA3800E629B0 /* Products */,
			);
			sourceTree = "<group>";
		};
		8508A3991D91FA3800E629B0 /* Products */ = {
			isa = PBXGroup;
			children = (
				8508A3981D91FA3800E629B0 /* day17_2_Github.app */,
			);
			name = Products;
			sourceTree = "<group>";
		};
		8508A39A1D91FA3800E629B0 /* day17_2_Github */ = {
			isa = PBXGroup;
			children = (
				8508A39E1D91FA3800E629B0 /* AppDelegate.h */,
				8508A39F1D91FA3800E629B0 /* AppDelegate.m */,
				8508A3A11D91FA3800E629B0 /* ViewController.h */,
				8508A3A21D91FA3800E629B0 /* ViewController.m */,
				8508A3A41D91FA3800E629B0 /* Main.storyboard */,
				8508A3A71D91FA3800E629B0 /* Assets.xcassets */,
				8508A3A91D91FA3800E629B0 /* LaunchScreen.storyboard */,
				8508A3AC1D91FA3800E629B0 /* Info.plist */,
				8508A39B1D91FA3800E629B0 /* Supporting Files */,
			);
			path = day17_2_Github;
			sourceTree = "<group>";
		};
		8508A39B1D91FA3800E629B0 /* Supporting Files */ = {
			isa = PBXGroup;
			children = (
				8508A39C1D91FA3800E629B0 /* main.m */,
			);
			name = "Supporting Files";
			sourceTree = "<group>";
		};
/* End PBXGroup section */

/* Begin PBXNativeTarget section */
		8508A3971D91FA3800E629B0 /* day17_2_Github */ = {
			isa = PBXNativeTarget;
			buildConfigurationList = 8508A3AF1D91FA3800E629B0 /* Build configuration list for PBXNativeTarget "day17_2_Github" */;
			buildPhases = (
				8508A3941D91FA3800E629B0 /* Sources */,
				8508A3951D91FA3800E629B0 /* Frameworks */,
				8508A3961D91FA3800E629B0 /* Resources */,
			);
			buildRules = (
			);
			dependencies = (
			);
			name = day17_2_Github;
			productName = day17_2_Github;
			productReference = 8508A3981D91FA3800E629B0 /* day17_2_Github.app */;
			productType = "com.apple.product-type.application";
		};
/* End PBXNativeTarget section */

/* Begin PBXProject section */
		8508A3901D91FA3800E629B0 /* Project object */ = {
			isa = PBXProject;
			attributes = {
				LastUpgradeCheck = 0720;
				ORGANIZATIONNAME = tarena;
				TargetAttributes = {
					8508A3971D91FA3800E629B0 = {
						CreatedOnToolsVersion = 7.2;
						DevelopmentTeam = MX8LF5C395;
					};
				};
			};
			buildConfigurationList = 8508A3931D91FA3800E629B0 /* Build configuration list for PBXProject "day17_2_Github" */;
			compatibilityVersion = "Xcode 3.2";
			developmentRegion = English;
			hasScannedForEncodings = 0;
			knownRegions = (
				en,
				Base,
			);
			mainGroup = 8508A38F1D91FA3800E629B0;
			productRefGroup = 8508A3991D91FA3800E629B0 /* Products */;
			projectDirPath = "";
			projectRoot = "";
			targets = (
				8508A3971D91FA3800E629B0 /* day17_2_Github */,
			);
		};
/* End PBXProject section */

/* Begin PBXResourcesBuildPhase section */
		8508A3961D91FA3800E629B0 /* Resources */ = {
			isa = PBXResourcesBuildPhase;
			buildActionMask = 2147483647;
			files = (
				8508A3AB1D91FA3800E629B0 /* LaunchScreen.storyboard in Resources */,
				8508A3A81D91FA3800E629B0 /* Assets.xcassets in Resources */,
				8508A3A61D91FA3800E629B0 /* Main.storyboard in Resources */,
			);
			runOnlyForDeploymentPostprocessing = 0;
		};
/* End PBXResourcesBuildPhase section */

/* Begin PBXSourcesBuildPhase section */
		8508A3941D91FA3800E629B0 /* Sources */ = {
			isa = PBXSourcesBuildPhase;
			buildActionMask = 2147483647;
			files = (
				8508A3A31D91FA3800E629B0 /* ViewController.m in Sources */,
				8508A3A01D91FA3800E629B0 /* AppDelegate.m in Sources */,
				8508A39D1D91FA3800E629B0 /* main.m in Sources */,
			);
			runOnlyForDeploymentPostprocessing = 0;
		};
/* End PBXSourcesBuildPhase section */

/* Begin PBXVariantGroup section */
		8508A3A41D91FA3800E629B0 /* Main.storyboard */ = {
			isa = PBXVariantGroup;
			children = (
				8508A3A51D91FA3800E629B0 /* Base */,
			);
			name = Main.storyboard;
			sourceTree = "<group>";
		};
		8508A3A91D91FA3800E629B0 /* LaunchScreen.storyboard */ = {
			isa = PBXVariantGroup;
			children = (
				8508A3AA1D91FA3800E629B0 /* Base */,
			);
			name = LaunchScreen.storyboard;
			sourceTree = "<group>";
		};
/* End PBXVariantGroup section */

/* Begin XCBuildConfiguration section */
		8508A3AD1D91FA3800E629B0 /* Debug */ = {
			isa = XCBuildConfiguration;
			buildSettings = {
				ALWAYS_SEARCH_USER_PATHS = NO;
				CLANG_CXX_LANGUAGE_STANDARD = "gnu++0x";
				CLANG_CXX_LIBRARY = "libc++";
				CLANG_ENABLE_MODULES = YES;
				CLANG_ENABLE_OBJC_ARC = YES;
				CLANG_WARN_BOOL_CONVERSION = YES;
				CLANG_WARN_CONSTANT_CONVERSION = YES;
				CLANG_WARN_DIRECT_OBJC_ISA_USAGE = YES_ERROR;
				CLANG_WARN_EMPTY_BODY = YES;
				CLANG_WARN_ENUM_CONVERSION = YES;
				CLANG_WARN_INT_CONVERSION = YES;
				CLANG_WARN_OBJC_ROOT_CLASS = YES_ERROR;
				CLANG_WARN_UNREACHABLE_CODE = YES;
				CLANG_WARN__DUPLICATE_METHOD_MATCH = YES;
				"CODE_SIGN_IDENTITY[sdk=iphoneos*]" = "iPhone Developer";
				COPY_PHASE_STRIP = NO;
				DEBUG_INFORMATION_FORMAT = dwarf;
				ENABLE_STRICT_OBJC_MSGSEND = YES;
				ENABLE_TESTABILITY = YES;
				GCC_C_LANGUAGE_STANDARD = gnu99;
				GCC_DYNAMIC_NO_PIC = NO;
				GCC_NO_COMMON_BLOCKS = YES;
				GCC_OPTIMIZATION_LEVEL = 0;
				GCC_PREPROCESSOR_DEFINITIONS = (
					"DEBUG=1",
					"$(inherited)",
				);
				GCC_WARN_64_TO_32_BIT_CONVERSION = YES;
				GCC_WARN_ABOUT_RETURN_TYPE = YES_ERROR;
				GCC_WARN_UNDECLARED_SELECTOR = YES;
				GCC_WARN_UNINITIALIZED_AUTOS = YES_AGGRESSIVE;
				GCC_WARN_UNUSED_FUNCTION = YES;
				GCC_WARN_UNUSED_VARIABLE = YES;
				IPHONEOS_DEPLOYMENT_TARGET = 9.2;
				MTL_ENABLE_DEBUG_INFO = YES;
				ONLY_ACTIVE_ARCH = YES;
				SDKROOT = iphoneos;
				TARGETED_DEVICE_FAMILY = "1,2";
			};
			name = Debug;
		};
		8508A3AE1D91FA3800E629B0 /* Release */ = {
			isa = XCBuildConfiguration;
			buildSettings = {
				ALWAYS_SEARCH_USER_PATHS = NO;
				CLANG_CXX_LANGUAGE_STANDARD = "gnu++0x";
				CLANG_CXX_LIBRARY = "libc++";
				CLANG_ENABLE_MODULES = YES;
				CLANG_ENABLE_OBJC_ARC = YES;
				CLANG_WARN_BOOL_CONVERSION = YES;
				CLANG_WARN_CONSTANT_CONVERSION = YES;
				CLANG_WARN_DIRECT_OBJC_ISA_USAGE = YES_ERROR;
				CLANG_WARN_EMPTY_BODY = YES;
				CLANG_WARN_ENUM_CONVERSION = YES;
				CLANG_WARN_INT_CONVERSION = YES;
				CLANG_WARN_OBJC_ROOT_CLASS = YES_ERROR;
				CLANG_WARN_UNREACHABLE_CODE = YES;
				CLANG_WARN__DUPLICATE_METHOD_MATCH = YES;
				"CODE_SIGN_IDENTITY[sdk=iphoneos*]" = "iPhone Developer";
				COPY_PHASE_STRIP = NO;
				DEBUG_INFORMATION_FORMAT = "dwarf-with-dsym";
				ENABLE_NS_ASSERTIONS = NO;
				ENABLE_STRICT_OBJC_MSGSEND = YES;
				GCC_C_LANGUAGE_STANDARD = gnu99;
				GCC_NO_COMMON_BLOCKS = YES;
				GCC_WARN_64_TO_32_BIT_CONVERSION = YES;
				GCC_WARN_ABOUT_RETURN_TYPE = YES_ERROR;
				GCC_WARN_UNDECLARED_SELECTOR = YES;
				GCC_WARN_UNINITIALIZED_AUTOS = YES_AGGRESSIVE;
				GCC_WARN_UNUSED_FUNCTION = YES;
				GCC_WARN_UNUSED_VARIABLE = YES;
				IPHONEOS_DEPLOYMENT_TARGET = 9.2;
				MTL_ENABLE_DEBUG_INFO = NO;
				SDKROOT = iphoneos;
				TARGETED_DEVICE_FAMILY = "1,2";
				VALIDATE_PRODUCT = YES;
			};
			name = Release;
		};
		8508A3B01D91FA3800E629B0 /* Debug */ = {
			isa = XCBuildConfiguration;
			buildSettings = {
				ASSETCATALOG_COMPILER_APPICON_NAME = AppIcon;
				INFOPLIST_FILE = day17_2_Github/Info.plist;
				LD_RUNPATH_SEARCH_PATHS = "$(inherited) @executable_path/Frameworks";
				PRODUCT_BUNDLE_IDENTIFIER = "cn.tedu.day17-2-Github";
				PRODUCT_NAME = "$(TARGET_NAME)";
			};
			name = Debug;
		};
		8508A3B11D91FA3800E629B0 /* Release */ = {
			isa = XCBuildConfiguration;
			buildSettings = {
				ASSETCATALOG_COMPILER_APPICON_NAME = AppIcon;
				INFOPLIST_FILE = day17_2_Github/Info.plist;
				LD_RUNPATH_SEARCH_PATHS = "$(inherited) @executable_path/Frameworks";
				PRODUCT_BUNDLE_IDENTIFIER = "cn.tedu.day17-2-Github";
				PRODUCT_NAME = "$(TARGET_NAME)";
			};
			name = Release;
		};
/* End XCBuildConfiguration section */

/* Begin XCConfigurationList section */
		8508A3931D91FA3800E629B0 /* Build configuration list for PBXProject "day17_2_Github" */ = {
			isa = XCConfigurationList;
			buildConfigurations = (
				8508A3AD1D91FA3800E629B0 /* Debug */,
				8508A3AE1D91FA3800E629B0 /* Release */,
			);
			defaultConfigurationIsVisible = 0;
			defaultConfigurationName = Release;
		};
		8508A3AF1D91FA3800E629B0 /* Build configuration list for PBXNativeTarget "day17_2_Github" */ = {
			isa = XCConfigurationList;
			buildConfigurations = (
				8508A3B01D91FA3800E629B0 /* Debug */,
				8508A3B11D91FA3800E629B0 /* Release */,
			);
			defaultConfigurationIsVisible = 0;
		};
/* End XCConfigurationList section */
	};
	rootObject = 8508A3901D91FA3800E629B0 /* Project object */;
}
